
Microsoft Visual Studio Solution File, Format Version 12.00
# Visual Studio Version 17
VisualStudioVersion = 17.0.31903.59
MinimumVisualStudioVersion = 10.0.40219.1
Project("{2150E333-8FDC-42A3-9474-1A3956D46DE8}") = "src", "src", "{93D6FDDC-36E2-4EAA-928A-E32EDC4C4B6B}"
EndProject
Project("{FAE04EC0-301F-11D3-BF4B-00C04F79EFBC}") = "AuctionService", "src\AuctionService\AuctionService.csproj", "{1B3BF50E-BF0B-46C5-A633-E1FB81BEF92D}"
EndProject
Project("{FAE04EC0-301F-11D3-BF4B-00C04F79EFBC}") = "SearchService", "src\SearchService\SearchService.csproj", "{D33110A6-F14A-4F42-9BCB-DAAE0E8A1A55}"
EndProject
Project("{FAE04EC0-301F-11D3-BF4B-00C04F79EFBC}") = "Contracts", "src\Contracts\Contracts.csproj", "{90C77002-6978-4649-AF2C-8445FC64116C}"
EndProject
Project("{FAE04EC0-301F-11D3-BF4B-00C04F79EFBC}") = "IdentityService", "src\IdentityService\IdentityService.csproj", "{5D5FAD51-137A-4032-8224-04EB8D24A355}"
EndProject
Project("{FAE04EC0-301F-11D3-BF4B-00C04F79EFBC}") = "GatewayService", "src\GatewayService\GatewayService.csproj", "{D4D50F29-B876-4856-9D21-36713678B120}"
EndProject
Project("{2150E333-8FDC-42A3-9474-1A3956D46DE8}") = "tests", "tests", "{0EA0E2E4-19DF-4D89-9F38-7C7680568577}"
EndProject
Project("{FAE04EC0-301F-11D3-BF4B-00C04F79EFBC}") = "AuctionService.UnitTests", "tests\AuctionService.UnitTests\AuctionService.UnitTests.csproj", "{7BF53406-35C1-4591-A12F-28FA580041A5}"
EndProject
Project("{FAE04EC0-301F-11D3-BF4B-00C04F79EFBC}") = "AuctionService.IntegrationTests", "tests\AuctionService.IntegrationTests\AuctionService.IntegrationTests.csproj", "{78D6F030-AF1D-4232-9E22-8F1FEE11AD0E}"
EndProject
Project("{FAE04EC0-301F-11D3-BF4B-00C04F79EFBC}") = "SearchService.UnitTests", "tests\SearchService.UnitTests\SearchService.UnitTests.csproj", "{1A0F19A7-B6F0-4025-9989-AAA2F9C23C12}"
EndProject
Project("{FAE04EC0-301F-11D3-BF4B-00C04F79EFBC}") = "BiddingService", "src\BiddingService\BiddingService.csproj", "{6FD4E1A5-284F-45A1-9C0B-345751319681}"
EndProject
Project("{FAE04EC0-301F-11D3-BF4B-00C04F79EFBC}") = "NotificationService", "src\NotificationService\NotificationService.csproj", "{60650421-1C2D-409C-AE6B-AA1E1F8EC728}"
EndProject
Global
	GlobalSection(SolutionConfigurationPlatforms) = preSolution
		Debug|Any CPU = Debug|Any CPU
		Release|Any CPU = Release|Any CPU
	EndGlobalSection
	GlobalSection(SolutionProperties) = preSolution
		HideSolutionNode = FALSE
	EndGlobalSection
	GlobalSection(ProjectConfigurationPlatforms) = postSolution
		{1B3BF50E-BF0B-46C5-A633-E1FB81BEF92D}.Debug|Any CPU.ActiveCfg = Debug|Any CPU
		{1B3BF50E-BF0B-46C5-A633-E1FB81BEF92D}.Debug|Any CPU.Build.0 = Debug|Any CPU
		{1B3BF50E-BF0B-46C5-A633-E1FB81BEF92D}.Release|Any CPU.ActiveCfg = Release|Any CPU
		{1B3BF50E-BF0B-46C5-A633-E1FB81BEF92D}.Release|Any CPU.Build.0 = Release|Any CPU
		{D33110A6-F14A-4F42-9BCB-DAAE0E8A1A55}.Debug|Any CPU.ActiveCfg = Debug|Any CPU
		{D33110A6-F14A-4F42-9BCB-DAAE0E8A1A55}.Debug|Any CPU.Build.0 = Debug|Any CPU
		{D33110A6-F14A-4F42-9BCB-DAAE0E8A1A55}.Release|Any CPU.ActiveCfg = Release|Any CPU
		{D33110A6-F14A-4F42-9BCB-DAAE0E8A1A55}.Release|Any CPU.Build.0 = Release|Any CPU
		{90C77002-6978-4649-AF2C-8445FC64116C}.Debug|Any CPU.ActiveCfg = Debug|Any CPU
		{90C77002-6978-4649-AF2C-8445FC64116C}.Debug|Any CPU.Build.0 = Debug|Any CPU
		{90C77002-6978-4649-AF2C-8445FC64116C}.Release|Any CPU.ActiveCfg = Release|Any CPU
		{90C77002-6978-4649-AF2C-8445FC64116C}.Release|Any CPU.Build.0 = Release|Any CPU
		{5D5FAD51-137A-4032-8224-04EB8D24A355}.Debug|Any CPU.ActiveCfg = Debug|Any CPU
		{5D5FAD51-137A-4032-8224-04EB8D24A355}.Debug|Any CPU.Build.0 = Debug|Any CPU
		{5D5FAD51-137A-4032-8224-04EB8D24A355}.Release|Any CPU.ActiveCfg = Release|Any CPU
		{5D5FAD51-137A-4032-8224-04EB8D24A355}.Release|Any CPU.Build.0 = Release|Any CPU
		{D4D50F29-B876-4856-9D21-36713678B120}.Debug|Any CPU.ActiveCfg = Debug|Any CPU
		{D4D50F29-B876-4856-9D21-36713678B120}.Debug|Any CPU.Build.0 = Debug|Any CPU
		{D4D50F29-B876-4856-9D21-36713678B120}.Release|Any CPU.ActiveCfg = Release|Any CPU
		{D4D50F29-B876-4856-9D21-36713678B120}.Release|Any CPU.Build.0 = Release|Any CPU
		{7BF53406-35C1-4591-A12F-28FA580041A5}.Debug|Any CPU.ActiveCfg = Debug|Any CPU
		{7BF53406-35C1-4591-A12F-28FA580041A5}.Debug|Any CPU.Build.0 = Debug|Any CPU
		{7BF53406-35C1-4591-A12F-28FA580041A5}.Release|Any CPU.ActiveCfg = Release|Any CPU
		{7BF53406-35C1-4591-A12F-28FA580041A5}.Release|Any CPU.Build.0 = Release|Any CPU
		{78D6F030-AF1D-4232-9E22-8F1FEE11AD0E}.Debug|Any CPU.ActiveCfg = Debug|Any CPU
		{78D6F030-AF1D-4232-9E22-8F1FEE11AD0E}.Debug|Any CPU.Build.0 = Debug|Any CPU
		{78D6F030-AF1D-4232-9E22-8F1FEE11AD0E}.Release|Any CPU.ActiveCfg = Release|Any CPU
		{78D6F030-AF1D-4232-9E22-8F1FEE11AD0E}.Release|Any CPU.Build.0 = Release|Any CPU
		{1A0F19A7-B6F0-4025-9989-AAA2F9C23C12}.Debug|Any CPU.ActiveCfg = Debug|Any CPU
		{1A0F19A7-B6F0-4025-9989-AAA2F9C23C12}.Debug|Any CPU.Build.0 = Debug|Any CPU
		{1A0F19A7-B6F0-4025-9989-AAA2F9C23C12}.Release|Any CPU.ActiveCfg = Release|Any CPU
		{1A0F19A7-B6F0-4025-9989-AAA2F9C23C12}.Release|Any CPU.Build.0 = Release|Any CPU
		{6FD4E1A5-284F-45A1-9C0B-345751319681}.Debug|Any CPU.ActiveCfg = Debug|Any CPU
		{6FD4E1A5-284F-45A1-9C0B-345751319681}.Debug|Any CPU.Build.0 = Debug|Any CPU
		{6FD4E1A5-284F-45A1-9C0B-345751319681}.Release|Any CPU.ActiveCfg = Release|Any CPU
		{6FD4E1A5-284F-45A1-9C0B-345751319681}.Release|Any CPU.Build.0 = Release|Any CPU
		{60650421-1C2D-409C-AE6B-AA1E1F8EC728}.Debug|Any CPU.ActiveCfg = Debug|Any CPU
		{60650421-1C2D-409C-AE6B-AA1E1F8EC728}.Debug|Any CPU.Build.0 = Debug|Any CPU
		{60650421-1C2D-409C-AE6B-AA1E1F8EC728}.Release|Any CPU.ActiveCfg = Release|Any CPU
		{60650421-1C2D-409C-AE6B-AA1E1F8EC728}.Release|Any CPU.Build.0 = Release|Any CPU
	EndGlobalSection
	GlobalSection(NestedProjects) = preSolution
		{1B3BF50E-BF0B-46C5-A633-E1FB81BEF92D} = {93D6FDDC-36E2-4EAA-928A-E32EDC4C4B6B}
		{D33110A6-F14A-4F42-9BCB-DAAE0E8A1A55} = {93D6FDDC-36E2-4EAA-928A-E32EDC4C4B6B}
		{90C77002-6978-4649-AF2C-8445FC64116C} = {93D6FDDC-36E2-4EAA-928A-E32EDC4C4B6B}
		{5D5FAD51-137A-4032-8224-04EB8D24A355} = {93D6FDDC-36E2-4EAA-928A-E32EDC4C4B6B}
		{D4D50F29-B876-4856-9D21-36713678B120} = {93D6FDDC-36E2-4EAA-928A-E32EDC4C4B6B}
		{7BF53406-35C1-4591-A12F-28FA580041A5} = {0EA0E2E4-19DF-4D89-9F38-7C7680568577}
		{78D6F030-AF1D-4232-9E22-8F1FEE11AD0E} = {0EA0E2E4-19DF-4D89-9F38-7C7680568577}
		{1A0F19A7-B6F0-4025-9989-AAA2F9C23C12} = {0EA0E2E4-19DF-4D89-9F38-7C7680568577}
		{6FD4E1A5-284F-45A1-9C0B-345751319681} = {93D6FDDC-36E2-4EAA-928A-E32EDC4C4B6B}
		{60650421-1C2D-409C-AE6B-AA1E1F8EC728} = {93D6FDDC-36E2-4EAA-928A-E32EDC4C4B6B}
	EndGlobalSection
EndGlobal
