
Microsoft Visual Studio Solution File, Format Version 12.00
Project("{FAE04EC0-301F-11D3-BF4B-00C04F79EFBC}") = "NetMobile", "NetMobile\NetMobile.csproj", "{57D7BFDD-9CE4-4AA6-81A2-04F23F1AE2FE}"
EndProject
Global
	GlobalSection(SolutionConfigurationPlatforms) = preSolution
		Debug|Any CPU = Debug|Any CPU
		Release|Any CPU = Release|Any CPU
	EndGlobalSection
	GlobalSection(ProjectConfigurationPlatforms) = postSolution
		{57D7BFDD-9CE4-4AA6-81A2-04F23F1AE2FE}.Debug|Any CPU.ActiveCfg = Debug|Any CPU
		{57D7BFDD-9CE4-4AA6-81A2-04F23F1AE2FE}.Debug|Any CPU.Build.0 = Debug|Any CPU
		{57D7BFDD-9CE4-4AA6-81A2-04F23F1AE2FE}.Release|Any CPU.ActiveCfg = Release|Any CPU
		{57D7BFDD-9CE4-4AA6-81A2-04F23F1AE2FE}.Release|Any CPU.Build.0 = Release|Any CPU
	EndGlobalSection
EndGlobal
