
Microsoft Visual Studio Solution File, Format Version 12.00
# Visual Studio Version 17
VisualStudioVersion = 17.9.34714.143
MinimumVisualStudioVersion = 10.0.40219.1
Project("{FAE04EC0-301F-11D3-BF4B-00C04F79EFBC}") = "BlazorPWA", "BlazorPWA.csproj", "{1AB91BF4-00AC-49CC-9C89-E6EF80275475}"
EndProject
Global
	GlobalSection(SolutionConfigurationPlatforms) = preSolution
		Debug|Any CPU = Debug|Any CPU
		Release|Any CPU = Release|Any CPU
	EndGlobalSection
	GlobalSection(ProjectConfigurationPlatforms) = postSolution
		{1AB91BF4-00AC-49CC-9C89-E6EF80275475}.Debug|Any CPU.ActiveCfg = Debug|Any CPU
		{1AB91BF4-00AC-49CC-9C89-E6EF80275475}.Debug|Any CPU.Build.0 = Debug|Any CPU
		{1AB91BF4-00AC-49CC-9C89-E6EF80275475}.Release|Any CPU.ActiveCfg = Release|Any CPU
		{1AB91BF4-00AC-49CC-9C89-E6EF80275475}.Release|Any CPU.Build.0 = Release|Any CPU
	EndGlobalSection
	GlobalSection(SolutionProperties) = preSolution
		HideSolutionNode = FALSE
	EndGlobalSection
	GlobalSection(ExtensibilityGlobals) = postSolution
		SolutionGuid = {5D930DAB-AEAB-4186-9F9F-75CBF4B52182}
	EndGlobalSection
EndGlobal
